
Microsoft Visual Studio Solution File, Format Version 12.00
# Visual Studio Version 17
VisualStudioVersion = 17.2.32526.322
MinimumVisualStudioVersion = 10.0.40219.1
Project("{888888A0-9F3D-457C-B088-3A5042F75D52}") = "zad2.17.10", "zad2.17.10\zad2.17.10.pyproj", "{DB9DFD6B-AECE-4658-9605-C91F244706E4}"
EndProject
Global
	GlobalSection(SolutionConfigurationPlatforms) = preSolution
		Debug|Any CPU = Debug|Any CPU
		Release|Any CPU = Release|Any CPU
	EndGlobalSection
	GlobalSection(ProjectConfigurationPlatforms) = postSolution
		{DB9DFD6B-AECE-4658-9605-C91F244706E4}.Debug|Any CPU.ActiveCfg = Debug|Any CPU
		{DB9DFD6B-AECE-4658-9605-C91F244706E4}.Release|Any CPU.ActiveCfg = Release|Any CPU
	EndGlobalSection
	GlobalSection(SolutionProperties) = preSolution
		HideSolutionNode = FALSE
	EndGlobalSection
	GlobalSection(ExtensibilityGlobals) = postSolution
		SolutionGuid = {125E47AF-F8AE-44BF-94C6-820905D23937}
	EndGlobalSection
EndGlobal
